
Microsoft Visual Studio Solution File, Format Version 12.00
# Visual Studio Version 16
VisualStudioVersion = 16.0.31019.35
MinimumVisualStudioVersion = 10.0.40219.1
Project("{FAE04EC0-301F-11D3-BF4B-00C04F79EFBC}") = "cyclingcompare.comms.api", "cyclingcompare.comms.api\cyclingcompare.comms.api.csproj", "{A9E3DB7B-0BC1-4037-BE9A-7F58FE746A1C}"
EndProject
Global
	GlobalSection(SolutionConfigurationPlatforms) = preSolution
		Debug|Any CPU = Debug|Any CPU
		Release|Any CPU = Release|Any CPU
	EndGlobalSection
	GlobalSection(ProjectConfigurationPlatforms) = postSolution
		{A9E3DB7B-0BC1-4037-BE9A-7F58FE746A1C}.Debug|Any CPU.ActiveCfg = Debug|Any CPU
		{A9E3DB7B-0BC1-4037-BE9A-7F58FE746A1C}.Debug|Any CPU.Build.0 = Debug|Any CPU
		{A9E3DB7B-0BC1-4037-BE9A-7F58FE746A1C}.Release|Any CPU.ActiveCfg = Release|Any CPU
		{A9E3DB7B-0BC1-4037-BE9A-7F58FE746A1C}.Release|Any CPU.Build.0 = Release|Any CPU
	EndGlobalSection
	GlobalSection(SolutionProperties) = preSolution
		HideSolutionNode = FALSE
	EndGlobalSection
	GlobalSection(ExtensibilityGlobals) = postSolution
		SolutionGuid = {9A9C7819-6DEC-46FF-B593-336B3A8B46BD}
	EndGlobalSection
EndGlobal
