
Microsoft Visual Studio Solution File, Format Version 12.00
# Visual Studio 15
VisualStudioVersion = 15.0.28010.2003
MinimumVisualStudioVersion = 10.0.40219.1
Project("{9A19103F-16F7-4668-BE54-9A1E7A4F7556}") = "infrastructure.messaging", "infrastructure.messaging\infrastructure.messaging.csproj", "{5445EAEB-E342-4491-AEA1-4B1EF064DC3C}"
EndProject
Project("{9A19103F-16F7-4668-BE54-9A1E7A4F7556}") = "infrastructure.messaging.gcp", "infrastructure.messaging.gcp\infrastructure.messaging.gcp.csproj", "{C4BB65A7-72FA-4C73-9751-5754AC78C3CE}"
EndProject
Project("{9A19103F-16F7-4668-BE54-9A1E7A4F7556}") = "infrastructure.messaging.entities", "infrastructure.entities\infrastructure.messaging.entities.csproj", "{095C4915-5B55-4118-B352-AE0FCABEDC1E}"
EndProject
Project("{FAE04EC0-301F-11D3-BF4B-00C04F79EFBC}") = "infrastructure.messaging.messages", "infrastructure.messaging.messages\infrastructure.messaging.messages.csproj", "{643EC9D0-1426-49A8-AF1E-217BB38376C1}"
EndProject
Global
	GlobalSection(SolutionConfigurationPlatforms) = preSolution
		Debug|Any CPU = Debug|Any CPU
		Release|Any CPU = Release|Any CPU
	EndGlobalSection
	GlobalSection(ProjectConfigurationPlatforms) = postSolution
		{5445EAEB-E342-4491-AEA1-4B1EF064DC3C}.Debug|Any CPU.ActiveCfg = Debug|Any CPU
		{5445EAEB-E342-4491-AEA1-4B1EF064DC3C}.Debug|Any CPU.Build.0 = Debug|Any CPU
		{5445EAEB-E342-4491-AEA1-4B1EF064DC3C}.Release|Any CPU.ActiveCfg = Release|Any CPU
		{5445EAEB-E342-4491-AEA1-4B1EF064DC3C}.Release|Any CPU.Build.0 = Release|Any CPU
		{C4BB65A7-72FA-4C73-9751-5754AC78C3CE}.Debug|Any CPU.ActiveCfg = Debug|Any CPU
		{C4BB65A7-72FA-4C73-9751-5754AC78C3CE}.Debug|Any CPU.Build.0 = Debug|Any CPU
		{C4BB65A7-72FA-4C73-9751-5754AC78C3CE}.Release|Any CPU.ActiveCfg = Release|Any CPU
		{C4BB65A7-72FA-4C73-9751-5754AC78C3CE}.Release|Any CPU.Build.0 = Release|Any CPU
		{095C4915-5B55-4118-B352-AE0FCABEDC1E}.Debug|Any CPU.ActiveCfg = Debug|Any CPU
		{095C4915-5B55-4118-B352-AE0FCABEDC1E}.Debug|Any CPU.Build.0 = Debug|Any CPU
		{095C4915-5B55-4118-B352-AE0FCABEDC1E}.Release|Any CPU.ActiveCfg = Release|Any CPU
		{095C4915-5B55-4118-B352-AE0FCABEDC1E}.Release|Any CPU.Build.0 = Release|Any CPU
		{643EC9D0-1426-49A8-AF1E-217BB38376C1}.Debug|Any CPU.ActiveCfg = Debug|Any CPU
		{643EC9D0-1426-49A8-AF1E-217BB38376C1}.Debug|Any CPU.Build.0 = Debug|Any CPU
		{643EC9D0-1426-49A8-AF1E-217BB38376C1}.Release|Any CPU.ActiveCfg = Release|Any CPU
		{643EC9D0-1426-49A8-AF1E-217BB38376C1}.Release|Any CPU.Build.0 = Release|Any CPU
	EndGlobalSection
	GlobalSection(SolutionProperties) = preSolution
		HideSolutionNode = FALSE
	EndGlobalSection
	GlobalSection(ExtensibilityGlobals) = postSolution
		SolutionGuid = {B704F448-1E2C-4B91-B431-56A7AF0BB3A8}
	EndGlobalSection
EndGlobal
