
Microsoft Visual Studio Solution File, Format Version 12.00
# Visual Studio Version 16
VisualStudioVersion = 16.0.30804.86
MinimumVisualStudioVersion = 10.0.40219.1
Project("{9A19103F-16F7-4668-BE54-9A1E7A4F7556}") = "bikecompare.listing.api", "bikecompare.listing.api\bikecompare.listing.api.csproj", "{0F027E4F-ADDA-478E-BBAE-00C76058ADCA}"
EndProject
Project("{FAE04EC0-301F-11D3-BF4B-00C04F79EFBC}") = "bikecompare.listing.handlers", "bikecompare.listing.handlers\bikecompare.listing.handlers.csproj", "{062154F1-46EF-4076-82BD-4C557705330F}"
EndProject
Global
	GlobalSection(SolutionConfigurationPlatforms) = preSolution
		Debug|Any CPU = Debug|Any CPU
		Release|Any CPU = Release|Any CPU
	EndGlobalSection
	GlobalSection(ProjectConfigurationPlatforms) = postSolution
		{0F027E4F-ADDA-478E-BBAE-00C76058ADCA}.Debug|Any CPU.ActiveCfg = Debug|Any CPU
		{0F027E4F-ADDA-478E-BBAE-00C76058ADCA}.Debug|Any CPU.Build.0 = Debug|Any CPU
		{0F027E4F-ADDA-478E-BBAE-00C76058ADCA}.Release|Any CPU.ActiveCfg = Release|Any CPU
		{0F027E4F-ADDA-478E-BBAE-00C76058ADCA}.Release|Any CPU.Build.0 = Release|Any CPU
		{062154F1-46EF-4076-82BD-4C557705330F}.Debug|Any CPU.ActiveCfg = Debug|Any CPU
		{062154F1-46EF-4076-82BD-4C557705330F}.Debug|Any CPU.Build.0 = Debug|Any CPU
		{062154F1-46EF-4076-82BD-4C557705330F}.Release|Any CPU.ActiveCfg = Release|Any CPU
		{062154F1-46EF-4076-82BD-4C557705330F}.Release|Any CPU.Build.0 = Release|Any CPU
	EndGlobalSection
	GlobalSection(SolutionProperties) = preSolution
		HideSolutionNode = FALSE
	EndGlobalSection
	GlobalSection(ExtensibilityGlobals) = postSolution
		SolutionGuid = {3D6220A7-F83F-4901-8A82-12FA855DC543}
	EndGlobalSection
EndGlobal
